
Microsoft Visual Studio Solution File, Format Version 12.00
# Visual Studio Version 17
VisualStudioVersion = 17.11.35312.102
MinimumVisualStudioVersion = 10.0.40219.1
Project("{FAE04EC0-301F-11D3-BF4B-00C04F79EFBC}") = "AB205-CA-Amin", "AB205-CA-Amin\AB205-CA-Amin.csproj", "{2002AAE1-D433-41BD-AB8B-E1551585BF04}"
EndProject
Global
	GlobalSection(SolutionConfigurationPlatforms) = preSolution
		Debug|Any CPU = Debug|Any CPU
		Release|Any CPU = Release|Any CPU
	EndGlobalSection
	GlobalSection(ProjectConfigurationPlatforms) = postSolution
		{2002AAE1-D433-41BD-AB8B-E1551585BF04}.Debug|Any CPU.ActiveCfg = Debug|Any CPU
		{2002AAE1-D433-41BD-AB8B-E1551585BF04}.Debug|Any CPU.Build.0 = Debug|Any CPU
		{2002AAE1-D433-41BD-AB8B-E1551585BF04}.Release|Any CPU.ActiveCfg = Release|Any CPU
		{2002AAE1-D433-41BD-AB8B-E1551585BF04}.Release|Any CPU.Build.0 = Release|Any CPU
	EndGlobalSection
	GlobalSection(SolutionProperties) = preSolution
		HideSolutionNode = FALSE
	EndGlobalSection
	GlobalSection(ExtensibilityGlobals) = postSolution
		SolutionGuid = {C2ECF620-EC74-4F11-8BB9-862A00CB844F}
	EndGlobalSection
EndGlobal
