
Microsoft Visual Studio Solution File, Format Version 12.00
# Visual Studio Version 17
VisualStudioVersion = 17.11.35312.102
MinimumVisualStudioVersion = 10.0.40219.1
Project("{FAE04EC0-301F-11D3-BF4B-00C04F79EFBC}") = "Uniqlo.DAL", "Uniqlo.DAL\Uniqlo.DAL.csproj", "{C5430FAE-0E1B-4CF3-A5A3-E26EBB1884EB}"
EndProject
Project("{FAE04EC0-301F-11D3-BF4B-00C04F79EFBC}") = "Uniqlo.BL", "Uniqlo.BL\Uniqlo.BL.csproj", "{51DA7F5C-590C-434D-9B6B-7287D0931D47}"
EndProject
Project("{FAE04EC0-301F-11D3-BF4B-00C04F79EFBC}") = "Uniqlo.PL", "Uniqlo.PL\Uniqlo.PL.csproj", "{BCB3E803-D070-439B-9637-1E5D613D4D25}"
EndProject
Global
	GlobalSection(SolutionConfigurationPlatforms) = preSolution
		Debug|Any CPU = Debug|Any CPU
		Release|Any CPU = Release|Any CPU
	EndGlobalSection
	GlobalSection(ProjectConfigurationPlatforms) = postSolution
		{C5430FAE-0E1B-4CF3-A5A3-E26EBB1884EB}.Debug|Any CPU.ActiveCfg = Debug|Any CPU
		{C5430FAE-0E1B-4CF3-A5A3-E26EBB1884EB}.Debug|Any CPU.Build.0 = Debug|Any CPU
		{C5430FAE-0E1B-4CF3-A5A3-E26EBB1884EB}.Release|Any CPU.ActiveCfg = Release|Any CPU
		{C5430FAE-0E1B-4CF3-A5A3-E26EBB1884EB}.Release|Any CPU.Build.0 = Release|Any CPU
		{51DA7F5C-590C-434D-9B6B-7287D0931D47}.Debug|Any CPU.ActiveCfg = Debug|Any CPU
		{51DA7F5C-590C-434D-9B6B-7287D0931D47}.Debug|Any CPU.Build.0 = Debug|Any CPU
		{51DA7F5C-590C-434D-9B6B-7287D0931D47}.Release|Any CPU.ActiveCfg = Release|Any CPU
		{51DA7F5C-590C-434D-9B6B-7287D0931D47}.Release|Any CPU.Build.0 = Release|Any CPU
		{BCB3E803-D070-439B-9637-1E5D613D4D25}.Debug|Any CPU.ActiveCfg = Debug|Any CPU
		{BCB3E803-D070-439B-9637-1E5D613D4D25}.Debug|Any CPU.Build.0 = Debug|Any CPU
		{BCB3E803-D070-439B-9637-1E5D613D4D25}.Release|Any CPU.ActiveCfg = Release|Any CPU
		{BCB3E803-D070-439B-9637-1E5D613D4D25}.Release|Any CPU.Build.0 = Release|Any CPU
	EndGlobalSection
	GlobalSection(SolutionProperties) = preSolution
		HideSolutionNode = FALSE
	EndGlobalSection
	GlobalSection(ExtensibilityGlobals) = postSolution
		SolutionGuid = {4D01445E-B15B-44D2-87AF-E90B57F825D6}
	EndGlobalSection
EndGlobal
