
Microsoft Visual Studio Solution File, Format Version 12.00
# Visual Studio Version 17
VisualStudioVersion = 17.11.35312.102
MinimumVisualStudioVersion = 10.0.40219.1
Project("{FAE04EC0-301F-11D3-BF4B-00C04F79EFBC}") = "ArrayResize", "ArrayResize\ArrayResize.csproj", "{7AF7A93A-82D7-4FFB-B6D0-9FC94686A5CB}"
EndProject
Global
	GlobalSection(SolutionConfigurationPlatforms) = preSolution
		Debug|Any CPU = Debug|Any CPU
		Release|Any CPU = Release|Any CPU
	EndGlobalSection
	GlobalSection(ProjectConfigurationPlatforms) = postSolution
		{7AF7A93A-82D7-4FFB-B6D0-9FC94686A5CB}.Debug|Any CPU.ActiveCfg = Debug|Any CPU
		{7AF7A93A-82D7-4FFB-B6D0-9FC94686A5CB}.Debug|Any CPU.Build.0 = Debug|Any CPU
		{7AF7A93A-82D7-4FFB-B6D0-9FC94686A5CB}.Release|Any CPU.ActiveCfg = Release|Any CPU
		{7AF7A93A-82D7-4FFB-B6D0-9FC94686A5CB}.Release|Any CPU.Build.0 = Release|Any CPU
	EndGlobalSection
	GlobalSection(SolutionProperties) = preSolution
		HideSolutionNode = FALSE
	EndGlobalSection
	GlobalSection(ExtensibilityGlobals) = postSolution
		SolutionGuid = {70D5D2CB-98EB-4439-85DC-E485C26FE788}
	EndGlobalSection
EndGlobal
